
Microsoft Visual Studio Solution File, Format Version 12.00
# Visual Studio Version 16
VisualStudioVersion = 16.0.29806.167
MinimumVisualStudioVersion = 10.0.40219.1
Project("{FAE04EC0-301F-11D3-BF4B-00C04F79EFBC}") = "Lab3_CNPM", "Lab3_CNPM.csproj", "{381EA40E-472D-4953-9995-935CCA64E2F1}"
EndProject
Global
	GlobalSection(SolutionConfigurationPlatforms) = preSolution
		Debug|Any CPU = Debug|Any CPU
		Release|Any CPU = Release|Any CPU
	EndGlobalSection
	GlobalSection(ProjectConfigurationPlatforms) = postSolution
		{381EA40E-472D-4953-9995-935CCA64E2F1}.Debug|Any CPU.ActiveCfg = Debug|Any CPU
		{381EA40E-472D-4953-9995-935CCA64E2F1}.Debug|Any CPU.Build.0 = Debug|Any CPU
		{381EA40E-472D-4953-9995-935CCA64E2F1}.Release|Any CPU.ActiveCfg = Release|Any CPU
		{381EA40E-472D-4953-9995-935CCA64E2F1}.Release|Any CPU.Build.0 = Release|Any CPU
	EndGlobalSection
	GlobalSection(SolutionProperties) = preSolution
		HideSolutionNode = FALSE
	EndGlobalSection
	GlobalSection(ExtensibilityGlobals) = postSolution
		SolutionGuid = {5304B6CD-7DD0-4798-A1AE-90602D7E0F67}
	EndGlobalSection
EndGlobal
